
Microsoft Visual Studio Solution File, Format Version 12.00
# Visual Studio Version 17
VisualStudioVersion = 17.4.33122.133
MinimumVisualStudioVersion = 10.0.40219.1
Project("{FAE04EC0-301F-11D3-BF4B-00C04F79EFBC}") = "1-13 Checkerbot", "1-13 Checkerbot.csproj", "{BB73A58D-ABE3-4E99-A59A-2D74BBDC51BC}"
EndProject
Global
	GlobalSection(SolutionConfigurationPlatforms) = preSolution
		Debug|Any CPU = Debug|Any CPU
		Release|Any CPU = Release|Any CPU
	EndGlobalSection
	GlobalSection(ProjectConfigurationPlatforms) = postSolution
		{BB73A58D-ABE3-4E99-A59A-2D74BBDC51BC}.Debug|Any CPU.ActiveCfg = Debug|Any CPU
		{BB73A58D-ABE3-4E99-A59A-2D74BBDC51BC}.Debug|Any CPU.Build.0 = Debug|Any CPU
		{BB73A58D-ABE3-4E99-A59A-2D74BBDC51BC}.Release|Any CPU.ActiveCfg = Release|Any CPU
		{BB73A58D-ABE3-4E99-A59A-2D74BBDC51BC}.Release|Any CPU.Build.0 = Release|Any CPU
	EndGlobalSection
	GlobalSection(SolutionProperties) = preSolution
		HideSolutionNode = FALSE
	EndGlobalSection
	GlobalSection(ExtensibilityGlobals) = postSolution
		SolutionGuid = {A26B2C0A-5408-404B-8D72-9A369057A470}
	EndGlobalSection
EndGlobal
